// !$*UTF8*$!
{
	archiveVersion = 1;
	classes = {
	};
	objectVersion = 60;
	objects = {

/* Begin PBXBuildFile section */
		6B9E78562B5CE52400044AB9 /* Counter+FeatureParams.swift in Sources */ = {isa = PBXBuildFile; fileRef = 6B9E78552B5CE52400044AB9 /* Counter+FeatureParams.swift */; };
		6B9E78582B5CE61000044AB9 /* Counter+SwiftUI.swift in Sources */ = {isa = PBXBuildFile; fileRef = 6B9E78572B5CE61000044AB9 /* Counter+SwiftUI.swift */; };
		6B9E785A2B5CE7C800044AB9 /* FeatureScope.swift in Sources */ = {isa = PBXBuildFile; fileRef = 6B9E78592B5CE7C800044AB9 /* FeatureScope.swift */; };
		6BA3FF9F2B5BA79B003D99E0 /* SamplesApp.swift in Sources */ = {isa = PBXBuildFile; fileRef = 6BA3FF9E2B5BA79B003D99E0 /* SamplesApp.swift */; };
		6BA3FFA12B5BA79B003D99E0 /* ContentView.swift in Sources */ = {isa = PBXBuildFile; fileRef = 6BA3FFA02B5BA79B003D99E0 /* ContentView.swift */; };
		6BA3FFA32B5BA79D003D99E0 /* Assets.xcassets in Resources */ = {isa = PBXBuildFile; fileRef = 6BA3FFA22B5BA79D003D99E0 /* Assets.xcassets */; };
		6BA3FFA62B5BA79D003D99E0 /* Preview Assets.xcassets in Resources */ = {isa = PBXBuildFile; fileRef = 6BA3FFA52B5BA79D003D99E0 /* Preview Assets.xcassets */; };
		6BA3FFB02B5BA864003D99E0 /* KeemunSwift in Frameworks */ = {isa = PBXBuildFile; productRef = 6BA3FFAF2B5BA864003D99E0 /* KeemunSwift */; };
		6BA3FFB72B5BAAD7003D99E0 /* Counter+StoreParams.swift in Sources */ = {isa = PBXBuildFile; fileRef = 6BA3FFB62B5BAAD7003D99E0 /* Counter+StoreParams.swift */; };
/* End PBXBuildFile section */

/* Begin PBXFileReference section */
		6B9E78552B5CE52400044AB9 /* Counter+FeatureParams.swift */ = {isa = PBXFileReference; lastKnownFileType = sourcecode.swift; path = "Counter+FeatureParams.swift"; sourceTree = "<group>"; };
		6B9E78572B5CE61000044AB9 /* Counter+SwiftUI.swift */ = {isa = PBXFileReference; lastKnownFileType = sourcecode.swift; path = "Counter+SwiftUI.swift"; sourceTree = "<group>"; };
		6B9E78592B5CE7C800044AB9 /* FeatureScope.swift */ = {isa = PBXFileReference; lastKnownFileType = sourcecode.swift; path = FeatureScope.swift; sourceTree = "<group>"; };
		6BA3FF9B2B5BA79B003D99E0 /* Samples.app */ = {isa = PBXFileReference; explicitFileType = wrapper.application; includeInIndex = 0; path = Samples.app; sourceTree = BUILT_PRODUCTS_DIR; };
		6BA3FF9E2B5BA79B003D99E0 /* SamplesApp.swift */ = {isa = PBXFileReference; lastKnownFileType = sourcecode.swift; path = SamplesApp.swift; sourceTree = "<group>"; };
		6BA3FFA02B5BA79B003D99E0 /* ContentView.swift */ = {isa = PBXFileReference; lastKnownFileType = sourcecode.swift; path = ContentView.swift; sourceTree = "<group>"; };
		6BA3FFA22B5BA79D003D99E0 /* Assets.xcassets */ = {isa = PBXFileReference; lastKnownFileType = folder.assetcatalog; path = Assets.xcassets; sourceTree = "<group>"; };
		6BA3FFA52B5BA79D003D99E0 /* Preview Assets.xcassets */ = {isa = PBXFileReference; lastKnownFileType = folder.assetcatalog; path = "Preview Assets.xcassets"; sourceTree = "<group>"; };
		6BA3FFB62B5BAAD7003D99E0 /* Counter+StoreParams.swift */ = {isa = PBXFileReference; lastKnownFileType = sourcecode.swift; path = "Counter+StoreParams.swift"; sourceTree = "<group>"; };
/* End PBXFileReference section */

/* Begin PBXFrameworksBuildPhase section */
		6BA3FF982B5BA79B003D99E0 /* Frameworks */ = {
			isa = PBXFrameworksBuildPhase;
			buildActionMask = 2147483647;
			files = (
				6BA3FFB02B5BA864003D99E0 /* KeemunSwift in Frameworks */,
			);
			runOnlyForDeploymentPostprocessing = 0;
		};
/* End PBXFrameworksBuildPhase section */

/* Begin PBXGroup section */
		6BA3FF922B5BA79B003D99E0 = {
			isa = PBXGroup;
			children = (
				6BA3FF9D2B5BA79B003D99E0 /* Samples */,
				6BA3FF9C2B5BA79B003D99E0 /* Products */,
			);
			sourceTree = "<group>";
		};
		6BA3FF9C2B5BA79B003D99E0 /* Products */ = {
			isa = PBXGroup;
			children = (
				6BA3FF9B2B5BA79B003D99E0 /* Samples.app */,
			);
			name = Products;
			sourceTree = "<group>";
		};
		6BA3FF9D2B5BA79B003D99E0 /* Samples */ = {
			isa = PBXGroup;
			children = (
				6BA3FFB42B5BAA88003D99E0 /* Features */,
				6BA3FF9E2B5BA79B003D99E0 /* SamplesApp.swift */,
				6BA3FFA02B5BA79B003D99E0 /* ContentView.swift */,
				6BA3FFA22B5BA79D003D99E0 /* Assets.xcassets */,
				6BA3FFA42B5BA79D003D99E0 /* Preview Content */,
			);
			path = Samples;
			sourceTree = "<group>";
		};
		6BA3FFA42B5BA79D003D99E0 /* Preview Content */ = {
			isa = PBXGroup;
			children = (
				6BA3FFA52B5BA79D003D99E0 /* Preview Assets.xcassets */,
			);
			path = "Preview Content";
			sourceTree = "<group>";
		};
		6BA3FFB42B5BAA88003D99E0 /* Features */ = {
			isa = PBXGroup;
			children = (
				6BA3FFB52B5BAAA1003D99E0 /* Counter */,
				6B9E78592B5CE7C800044AB9 /* FeatureScope.swift */,
			);
			path = Features;
			sourceTree = "<group>";
		};
		6BA3FFB52B5BAAA1003D99E0 /* Counter */ = {
			isa = PBXGroup;
			children = (
				6BA3FFB62B5BAAD7003D99E0 /* Counter+StoreParams.swift */,
				6B9E78552B5CE52400044AB9 /* Counter+FeatureParams.swift */,
				6B9E78572B5CE61000044AB9 /* Counter+SwiftUI.swift */,
			);
			path = Counter;
			sourceTree = "<group>";
		};
/* End PBXGroup section */

/* Begin PBXNativeTarget section */
		6BA3FF9A2B5BA79B003D99E0 /* Samples */ = {
			isa = PBXNativeTarget;
			buildConfigurationList = 6BA3FFA92B5BA79D003D99E0 /* Build configuration list for PBXNativeTarget "Samples" */;
			buildPhases = (
				6BA3FF972B5BA79B003D99E0 /* Sources */,
				6BA3FF982B5BA79B003D99E0 /* Frameworks */,
				6BA3FF992B5BA79B003D99E0 /* Resources */,
			);
			buildRules = (
			);
			dependencies = (
			);
			name = Samples;
			packageProductDependencies = (
				6BA3FFAF2B5BA864003D99E0 /* KeemunSwift */,
			);
			productName = Samples;
			productReference = 6BA3FF9B2B5BA79B003D99E0 /* Samples.app */;
			productType = "com.apple.product-type.application";
		};
/* End PBXNativeTarget section */

/* Begin PBXProject section */
		6BA3FF932B5BA79B003D99E0 /* Project object */ = {
			isa = PBXProject;
			attributes = {
				BuildIndependentTargetsInParallel = 1;
				LastSwiftUpdateCheck = 1500;
				LastUpgradeCheck = 1500;
				TargetAttributes = {
					6BA3FF9A2B5BA79B003D99E0 = {
						CreatedOnToolsVersion = 15.0.1;
					};
				};
			};
			buildConfigurationList = 6BA3FF962B5BA79B003D99E0 /* Build configuration list for PBXProject "Samples" */;
			compatibilityVersion = "Xcode 14.0";
			developmentRegion = en;
			hasScannedForEncodings = 0;
			knownRegions = (
				en,
				Base,
			);
			mainGroup = 6BA3FF922B5BA79B003D99E0;
			packageReferences = (
				6BA3FFAE2B5BA864003D99E0 /* XCLocalSwiftPackageReference ".." */,
			);
			productRefGroup = 6BA3FF9C2B5BA79B003D99E0 /* Products */;
			projectDirPath = "";
			projectRoot = "";
			targets = (
				6BA3FF9A2B5BA79B003D99E0 /* Samples */,
			);
		};
/* End PBXProject section */

/* Begin PBXResourcesBuildPhase section */
		6BA3FF992B5BA79B003D99E0 /* Resources */ = {
			isa = PBXResourcesBuildPhase;
			buildActionMask = 2147483647;
			files = (
				6BA3FFA62B5BA79D003D99E0 /* Preview Assets.xcassets in Resources */,
				6BA3FFA32B5BA79D003D99E0 /* Assets.xcassets in Resources */,
			);
			runOnlyForDeploymentPostprocessing = 0;
		};
/* End PBXResourcesBuildPhase section */

/* Begin PBXSourcesBuildPhase section */
		6BA3FF972B5BA79B003D99E0 /* Sources */ = {
			isa = PBXSourcesBuildPhase;
			buildActionMask = 2147483647;
			files = (
				6B9E78582B5CE61000044AB9 /* Counter+SwiftUI.swift in Sources */,
				6B9E785A2B5CE7C800044AB9 /* FeatureScope.swift in Sources */,
				6BA3FFA12B5BA79B003D99E0 /* ContentView.swift in Sources */,
				6B9E78562B5CE52400044AB9 /* Counter+FeatureParams.swift in Sources */,
				6BA3FFB72B5BAAD7003D99E0 /* Counter+StoreParams.swift in Sources */,
				6BA3FF9F2B5BA79B003D99E0 /* SamplesApp.swift in Sources */,
			);
			runOnlyForDeploymentPostprocessing = 0;
		};
/* End PBXSourcesBuildPhase section */

/* Begin XCBuildConfiguration section */
		6BA3FFA72B5BA79D003D99E0 /* Debug */ = {
			isa = XCBuildConfiguration;
			buildSettings = {
				ALWAYS_SEARCH_USER_PATHS = NO;
				ASSETCATALOG_COMPILER_GENERATE_SWIFT_ASSET_SYMBOL_EXTENSIONS = YES;
				CLANG_ANALYZER_NONNULL = YES;
				CLANG_ANALYZER_NUMBER_OBJECT_CONVERSION = YES_AGGRESSIVE;
				CLANG_CXX_LANGUAGE_STANDARD = "gnu++20";
				CLANG_ENABLE_MODULES = YES;
				CLANG_ENABLE_OBJC_ARC = YES;
				CLANG_ENABLE_OBJC_WEAK = YES;
				CLANG_WARN_BLOCK_CAPTURE_AUTORELEASING = YES;
				CLANG_WARN_BOOL_CONVERSION = YES;
				CLANG_WARN_COMMA = YES;
				CLANG_WARN_CONSTANT_CONVERSION = YES;
				CLANG_WARN_DEPRECATED_OBJC_IMPLEMENTATIONS = YES;
				CLANG_WARN_DIRECT_OBJC_ISA_USAGE = YES_ERROR;
				CLANG_WARN_DOCUMENTATION_COMMENTS = YES;
				CLANG_WARN_EMPTY_BODY = YES;
				CLANG_WARN_ENUM_CONVERSION = YES;
				CLANG_WARN_INFINITE_RECURSION = YES;
				CLANG_WARN_INT_CONVERSION = YES;
				CLANG_WARN_NON_LITERAL_NULL_CONVERSION = YES;
				CLANG_WARN_OBJC_IMPLICIT_RETAIN_SELF = YES;
				CLANG_WARN_OBJC_LITERAL_CONVERSION = YES;
				CLANG_WARN_OBJC_ROOT_CLASS = YES_ERROR;
				CLANG_WARN_QUOTED_INCLUDE_IN_FRAMEWORK_HEADER = YES;
				CLANG_WARN_RANGE_LOOP_ANALYSIS = YES;
				CLANG_WARN_STRICT_PROTOTYPES = YES;
				CLANG_WARN_SUSPICIOUS_MOVE = YES;
				CLANG_WARN_UNGUARDED_AVAILABILITY = YES_AGGRESSIVE;
				CLANG_WARN_UNREACHABLE_CODE = YES;
				CLANG_WARN__DUPLICATE_METHOD_MATCH = YES;
				COPY_PHASE_STRIP = NO;
				DEBUG_INFORMATION_FORMAT = dwarf;
				ENABLE_STRICT_OBJC_MSGSEND = YES;
				ENABLE_TESTABILITY = YES;
				ENABLE_USER_SCRIPT_SANDBOXING = YES;
				GCC_C_LANGUAGE_STANDARD = gnu17;
				GCC_DYNAMIC_NO_PIC = NO;
				GCC_NO_COMMON_BLOCKS = YES;
				GCC_OPTIMIZATION_LEVEL = 0;
				GCC_PREPROCESSOR_DEFINITIONS = (
					"DEBUG=1",
					"$(inherited)",
				);
				GCC_WARN_64_TO_32_BIT_CONVERSION = YES;
				GCC_WARN_ABOUT_RETURN_TYPE = YES_ERROR;
				GCC_WARN_UNDECLARED_SELECTOR = YES;
				GCC_WARN_UNINITIALIZED_AUTOS = YES_AGGRESSIVE;
				GCC_WARN_UNUSED_FUNCTION = YES;
				GCC_WARN_UNUSED_VARIABLE = YES;
				IPHONEOS_DEPLOYMENT_TARGET = 17.0;
				LOCALIZATION_PREFERS_STRING_CATALOGS = YES;
				MTL_ENABLE_DEBUG_INFO = INCLUDE_SOURCE;
				MTL_FAST_MATH = YES;
				ONLY_ACTIVE_ARCH = YES;
				SDKROOT = iphoneos;
				SWIFT_ACTIVE_COMPILATION_CONDITIONS = "DEBUG $(inherited)";
				SWIFT_OPTIMIZATION_LEVEL = "-Onone";
			};
			name = Debug;
		};
		6BA3FFA82B5BA79D003D99E0 /* Release */ = {
			isa = XCBuildConfiguration;
			buildSettings = {
				ALWAYS_SEARCH_USER_PATHS = NO;
				ASSETCATALOG_COMPILER_GENERATE_SWIFT_ASSET_SYMBOL_EXTENSIONS = YES;
				CLANG_ANALYZER_NONNULL = YES;
				CLANG_ANALYZER_NUMBER_OBJECT_CONVERSION = YES_AGGRESSIVE;
				CLANG_CXX_LANGUAGE_STANDARD = "gnu++20";
				CLANG_ENABLE_MODULES = YES;
				CLANG_ENABLE_OBJC_ARC = YES;
				CLANG_ENABLE_OBJC_WEAK = YES;
				CLANG_WARN_BLOCK_CAPTURE_AUTORELEASING = YES;
				CLANG_WARN_BOOL_CONVERSION = YES;
				CLANG_WARN_COMMA = YES;
				CLANG_WARN_CONSTANT_CONVERSION = YES;
				CLANG_WARN_DEPRECATED_OBJC_IMPLEMENTATIONS = YES;
				CLANG_WARN_DIRECT_OBJC_ISA_USAGE = YES_ERROR;
				CLANG_WARN_DOCUMENTATION_COMMENTS = YES;
				CLANG_WARN_EMPTY_BODY = YES;
				CLANG_WARN_ENUM_CONVERSION = YES;
				CLANG_WARN_INFINITE_RECURSION = YES;
				CLANG_WARN_INT_CONVERSION = YES;
				CLANG_WARN_NON_LITERAL_NULL_CONVERSION = YES;
				CLANG_WARN_OBJC_IMPLICIT_RETAIN_SELF = YES;
				CLANG_WARN_OBJC_LITERAL_CONVERSION = YES;
				CLANG_WARN_OBJC_ROOT_CLASS = YES_ERROR;
				CLANG_WARN_QUOTED_INCLUDE_IN_FRAMEWORK_HEADER = YES;
				CLANG_WARN_RANGE_LOOP_ANALYSIS = YES;
				CLANG_WARN_STRICT_PROTOTYPES = YES;
				CLANG_WARN_SUSPICIOUS_MOVE = YES;
				CLANG_WARN_UNGUARDED_AVAILABILITY = YES_AGGRESSIVE;
				CLANG_WARN_UNREACHABLE_CODE = YES;
				CLANG_WARN__DUPLICATE_METHOD_MATCH = YES;
				COPY_PHASE_STRIP = NO;
				DEBUG_INFORMATION_FORMAT = "dwarf-with-dsym";
				ENABLE_NS_ASSERTIONS = NO;
				ENABLE_STRICT_OBJC_MSGSEND = YES;
				ENABLE_USER_SCRIPT_SANDBOXING = YES;
				GCC_C_LANGUAGE_STANDARD = gnu17;
				GCC_NO_COMMON_BLOCKS = YES;
				GCC_WARN_64_TO_32_BIT_CONVERSION = YES;
				GCC_WARN_ABOUT_RETURN_TYPE = YES_ERROR;
				GCC_WARN_UNDECLARED_SELECTOR = YES;
				GCC_WARN_UNINITIALIZED_AUTOS = YES_AGGRESSIVE;
				GCC_WARN_UNUSED_FUNCTION = YES;
				GCC_WARN_UNUSED_VARIABLE = YES;
				IPHONEOS_DEPLOYMENT_TARGET = 17.0;
				LOCALIZATION_PREFERS_STRING_CATALOGS = YES;
				MTL_ENABLE_DEBUG_INFO = NO;
				MTL_FAST_MATH = YES;
				SDKROOT = iphoneos;
				SWIFT_COMPILATION_MODE = wholemodule;
				VALIDATE_PRODUCT = YES;
			};
			name = Release;
		};
		6BA3FFAA2B5BA79D003D99E0 /* Debug */ = {
			isa = XCBuildConfiguration;
			buildSettings = {
				ASSETCATALOG_COMPILER_APPICON_NAME = AppIcon;
				ASSETCATALOG_COMPILER_GLOBAL_ACCENT_COLOR_NAME = AccentColor;
				CODE_SIGN_STYLE = Automatic;
				CURRENT_PROJECT_VERSION = 1;
				DEVELOPMENT_ASSET_PATHS = "\"Samples/Preview Content\"";
				ENABLE_PREVIEWS = YES;
				GENERATE_INFOPLIST_FILE = YES;
				INFOPLIST_KEY_UIApplicationSceneManifest_Generation = YES;
				INFOPLIST_KEY_UIApplicationSupportsIndirectInputEvents = YES;
				INFOPLIST_KEY_UILaunchScreen_Generation = YES;
				INFOPLIST_KEY_UISupportedInterfaceOrientations_iPad = "UIInterfaceOrientationPortrait UIInterfaceOrientationPortraitUpsideDown UIInterfaceOrientationLandscapeLeft UIInterfaceOrientationLandscapeRight";
				INFOPLIST_KEY_UISupportedInterfaceOrientations_iPhone = "UIInterfaceOrientationPortrait UIInterfaceOrientationLandscapeLeft UIInterfaceOrientationLandscapeRight";
				LD_RUNPATH_SEARCH_PATHS = (
					"$(inherited)",
					"@executable_path/Frameworks",
				);
				MARKETING_VERSION = 1.0;
				PRODUCT_BUNDLE_IDENTIFIER = io.github.pavelannin.keemun.sample.Samples;
				PRODUCT_NAME = "$(TARGET_NAME)";
				SWIFT_EMIT_LOC_STRINGS = YES;
				SWIFT_VERSION = 5.0;
				TARGETED_DEVICE_FAMILY = "1,2";
			};
			name = Debug;
		};
		6BA3FFAB2B5BA79D003D99E0 /* Release */ = {
			isa = XCBuildConfiguration;
			buildSettings = {
				ASSETCATALOG_COMPILER_APPICON_NAME = AppIcon;
				ASSETCATALOG_COMPILER_GLOBAL_ACCENT_COLOR_NAME = AccentColor;
				CODE_SIGN_STYLE = Automatic;
				CURRENT_PROJECT_VERSION = 1;
				DEVELOPMENT_ASSET_PATHS = "\"Samples/Preview Content\"";
				ENABLE_PREVIEWS = YES;
				GENERATE_INFOPLIST_FILE = YES;
				INFOPLIST_KEY_UIApplicationSceneManifest_Generation = YES;
				INFOPLIST_KEY_UIApplicationSupportsIndirectInputEvents = YES;
				INFOPLIST_KEY_UILaunchScreen_Generation = YES;
				INFOPLIST_KEY_UISupportedInterfaceOrientations_iPad = "UIInterfaceOrientationPortrait UIInterfaceOrientationPortraitUpsideDown UIInterfaceOrientationLandscapeLeft UIInterfaceOrientationLandscapeRight";
				INFOPLIST_KEY_UISupportedInterfaceOrientations_iPhone = "UIInterfaceOrientationPortrait UIInterfaceOrientationLandscapeLeft UIInterfaceOrientationLandscapeRight";
				LD_RUNPATH_SEARCH_PATHS = (
					"$(inherited)",
					"@executable_path/Frameworks",
				);
				MARKETING_VERSION = 1.0;
				PRODUCT_BUNDLE_IDENTIFIER = io.github.pavelannin.keemun.sample.Samples;
				PRODUCT_NAME = "$(TARGET_NAME)";
				SWIFT_EMIT_LOC_STRINGS = YES;
				SWIFT_VERSION = 5.0;
				TARGETED_DEVICE_FAMILY = "1,2";
			};
			name = Release;
		};
/* End XCBuildConfiguration section */

/* Begin XCConfigurationList section */
		6BA3FF962B5BA79B003D99E0 /* Build configuration list for PBXProject "Samples" */ = {
			isa = XCConfigurationList;
			buildConfigurations = (
				6BA3FFA72B5BA79D003D99E0 /* Debug */,
				6BA3FFA82B5BA79D003D99E0 /* Release */,
			);
			defaultConfigurationIsVisible = 0;
			defaultConfigurationName = Release;
		};
		6BA3FFA92B5BA79D003D99E0 /* Build configuration list for PBXNativeTarget "Samples" */ = {
			isa = XCConfigurationList;
			buildConfigurations = (
				6BA3FFAA2B5BA79D003D99E0 /* Debug */,
				6BA3FFAB2B5BA79D003D99E0 /* Release */,
			);
			defaultConfigurationIsVisible = 0;
			defaultConfigurationName = Release;
		};
/* End XCConfigurationList section */

/* Begin XCLocalSwiftPackageReference section */
		6BA3FFAE2B5BA864003D99E0 /* XCLocalSwiftPackageReference ".." */ = {
			isa = XCLocalSwiftPackageReference;
			relativePath = ..;
		};
/* End XCLocalSwiftPackageReference section */

/* Begin XCSwiftPackageProductDependency section */
		6BA3FFAF2B5BA864003D99E0 /* KeemunSwift */ = {
			isa = XCSwiftPackageProductDependency;
			productName = KeemunSwift;
		};
/* End XCSwiftPackageProductDependency section */
	};
	rootObject = 6BA3FF932B5BA79B003D99E0 /* Project object */;
}
